
Microsoft Visual Studio Solution File, Format Version 12.00
# Visual Studio 15
Project("{FAE04EC0-301F-11D3-BF4B-00C04F79EFBC}") = "RealAPI.Android", "RealAPI.Android\RealAPI.Android.csproj", "{07FD4595-2373-424B-8AF0-EE2C33E3E234}"
EndProject
Project("{FAE04EC0-301F-11D3-BF4B-00C04F79EFBC}") = "RealAPI.iOS", "RealAPI.iOS\RealAPI.iOS.csproj", "{61EBD120-520F-4914-92BB-E825B29117B7}"
EndProject
Project("{FAE04EC0-301F-11D3-BF4B-00C04F79EFBC}") = "RealAPI", "RealAPI\RealAPI.csproj", "{42801A42-7F7B-473F-8FED-3F5F0961A2CE}"
EndProject
Global
	GlobalSection(SolutionConfigurationPlatforms) = preSolution
		Debug|Any CPU = Debug|Any CPU
		Release|Any CPU = Release|Any CPU
		Debug|iPhoneSimulator = Debug|iPhoneSimulator
		Release|iPhoneSimulator = Release|iPhoneSimulator
		Debug|iPhone = Debug|iPhone
		Release|iPhone = Release|iPhone
	EndGlobalSection
	GlobalSection(ProjectConfigurationPlatforms) = postSolution
		{07FD4595-2373-424B-8AF0-EE2C33E3E234}.Debug|Any CPU.ActiveCfg = Debug|Any CPU
		{07FD4595-2373-424B-8AF0-EE2C33E3E234}.Debug|Any CPU.Build.0 = Debug|Any CPU
		{07FD4595-2373-424B-8AF0-EE2C33E3E234}.Release|Any CPU.ActiveCfg = Release|Any CPU
		{07FD4595-2373-424B-8AF0-EE2C33E3E234}.Release|Any CPU.Build.0 = Release|Any CPU
		{07FD4595-2373-424B-8AF0-EE2C33E3E234}.Debug|iPhoneSimulator.ActiveCfg = Debug|Any CPU
		{07FD4595-2373-424B-8AF0-EE2C33E3E234}.Debug|iPhoneSimulator.Build.0 = Debug|Any CPU
		{07FD4595-2373-424B-8AF0-EE2C33E3E234}.Release|iPhoneSimulator.ActiveCfg = Release|Any CPU
		{07FD4595-2373-424B-8AF0-EE2C33E3E234}.Release|iPhoneSimulator.Build.0 = Release|Any CPU
		{07FD4595-2373-424B-8AF0-EE2C33E3E234}.Debug|iPhone.ActiveCfg = Debug|Any CPU
		{07FD4595-2373-424B-8AF0-EE2C33E3E234}.Debug|iPhone.Build.0 = Debug|Any CPU
		{07FD4595-2373-424B-8AF0-EE2C33E3E234}.Release|iPhone.ActiveCfg = Release|Any CPU
		{07FD4595-2373-424B-8AF0-EE2C33E3E234}.Release|iPhone.Build.0 = Release|Any CPU
		{61EBD120-520F-4914-92BB-E825B29117B7}.Debug|Any CPU.ActiveCfg = Debug|iPhoneSimulator
		{61EBD120-520F-4914-92BB-E825B29117B7}.Debug|Any CPU.Build.0 = Debug|iPhoneSimulator
		{61EBD120-520F-4914-92BB-E825B29117B7}.Release|Any CPU.ActiveCfg = Release|iPhoneSimulator
		{61EBD120-520F-4914-92BB-E825B29117B7}.Release|Any CPU.Build.0 = Release|iPhoneSimulator
		{61EBD120-520F-4914-92BB-E825B29117B7}.Debug|iPhoneSimulator.ActiveCfg = Debug|iPhoneSimulator
		{61EBD120-520F-4914-92BB-E825B29117B7}.Debug|iPhoneSimulator.Build.0 = Debug|iPhoneSimulator
		{61EBD120-520F-4914-92BB-E825B29117B7}.Release|iPhoneSimulator.ActiveCfg = Release|iPhoneSimulator
		{61EBD120-520F-4914-92BB-E825B29117B7}.Release|iPhoneSimulator.Build.0 = Release|iPhoneSimulator
		{61EBD120-520F-4914-92BB-E825B29117B7}.Debug|iPhone.ActiveCfg = Debug|iPhone
		{61EBD120-520F-4914-92BB-E825B29117B7}.Debug|iPhone.Build.0 = Debug|iPhone
		{61EBD120-520F-4914-92BB-E825B29117B7}.Release|iPhone.ActiveCfg = Release|iPhone
		{61EBD120-520F-4914-92BB-E825B29117B7}.Release|iPhone.Build.0 = Release|iPhone
		{42801A42-7F7B-473F-8FED-3F5F0961A2CE}.Debug|Any CPU.ActiveCfg = Debug|Any CPU
		{42801A42-7F7B-473F-8FED-3F5F0961A2CE}.Debug|Any CPU.Build.0 = Debug|Any CPU
		{42801A42-7F7B-473F-8FED-3F5F0961A2CE}.Release|Any CPU.ActiveCfg = Release|Any CPU
		{42801A42-7F7B-473F-8FED-3F5F0961A2CE}.Release|Any CPU.Build.0 = Release|Any CPU
		{42801A42-7F7B-473F-8FED-3F5F0961A2CE}.Debug|iPhoneSimulator.ActiveCfg = Debug|Any CPU
		{42801A42-7F7B-473F-8FED-3F5F0961A2CE}.Debug|iPhoneSimulator.Build.0 = Debug|Any CPU
		{42801A42-7F7B-473F-8FED-3F5F0961A2CE}.Release|iPhoneSimulator.ActiveCfg = Release|Any CPU
		{42801A42-7F7B-473F-8FED-3F5F0961A2CE}.Release|iPhoneSimulator.Build.0 = Release|Any CPU
		{42801A42-7F7B-473F-8FED-3F5F0961A2CE}.Debug|iPhone.ActiveCfg = Debug|Any CPU
		{42801A42-7F7B-473F-8FED-3F5F0961A2CE}.Debug|iPhone.Build.0 = Debug|Any CPU
		{42801A42-7F7B-473F-8FED-3F5F0961A2CE}.Release|iPhone.ActiveCfg = Release|Any CPU
		{42801A42-7F7B-473F-8FED-3F5F0961A2CE}.Release|iPhone.Build.0 = Release|Any CPU
	EndGlobalSection
EndGlobal
